{"1.2.0",
[{<<"aws_beam_core">>,{pkg,<<"aws_beam_core">>,<<"1.1.1">>},0},
 {<<"aws_credentials">>,{pkg,<<"aws_credentials">>,<<"1.0.3">>},1},
 {<<"aws_signature">>,{pkg,<<"aws_signature">>,<<"0.4.2">>},1},
 {<<"certifi">>,{pkg,<<"certifi">>,<<"2.8.0">>},1},
 {<<"eini">>,{pkg,<<"eini_beam">>,<<"2.2.5">>},2},
 {<<"hackney">>,{pkg,<<"hackney">>,<<"1.18.0">>},0},
 {<<"idna">>,{pkg,<<"idna">>,<<"6.1.1">>},1},
 {<<"iso8601">>,{pkg,<<"iso8601">>,<<"1.3.4">>},2},
 {<<"jsx">>,{pkg,<<"jsx">>,<<"3.0.0">>},0},
 {<<"metrics">>,{pkg,<<"metrics">>,<<"1.0.1">>},1},
 {<<"mimerl">>,{pkg,<<"mimerl">>,<<"1.4.0">>},1},
 {<<"parse_trans">>,{pkg,<<"parse_trans">>,<<"3.3.1">>},1},
 {<<"ssl_verify_fun">>,{pkg,<<"ssl_verify_fun">>,<<"1.1.7">>},1},
 {<<"unicode_util_compat">>,{pkg,<<"unicode_util_compat">>,<<"0.7.1">>},1}]}.
[
{pkg_hash,[
 {<<"aws_beam_core">>, <<"3D70444AE1F1A31E3F7FAC2BE5826258CA9BB1C05D054D58251B6C0B3B429775">>},
 {<<"aws_credentials">>, <<"7CDAA99D0ED11C3B93A5F80E5673969F1E4379EDBB4907EB13D161CF2DE0826E">>},
 {<<"aws_signature">>, <<"1B35482C89FF5B91F5EAD647A2BBC0D9620877479B44800915DE92BACF9F1476">>},
 {<<"certifi">>, <<"D4FB0A6BB20B7C9C3643E22507E42F356AC090A1DCEA9AB99E27E0376D695EBA">>},
 {<<"eini">>, <<"28FA0A4EB7FF885CC388877B73FBD56FCCA3B2EAE4D81E47C47F317B900DA1DA">>},
 {<<"hackney">>, <<"C4443D960BB9FBA6D01161D01CD81173089686717D9490E5D3606644C48D121F">>},
 {<<"idna">>, <<"8A63070E9F7D0C62EB9D9FCB360A7DE382448200FBBD1B106CC96D3D8099DF8D">>},
 {<<"iso8601">>, <<"7B1F095F86F6CF65E1E5A77872E8E8BF69BD58D4C3A415B3F77D9CC9423ECBB9">>},
 {<<"jsx">>, <<"20A170ABD4335FC6DB24D5FAD1E5D677C55DADF83D1B20A8A33B5FE159892A39">>},
 {<<"metrics">>, <<"25F094DEA2CDA98213CECC3AEFF09E940299D950904393B2A29D191C346A8486">>},
 {<<"mimerl">>, <<"3882A5CA67FBBE7117BA8947F27643557ADEC38FA2307490C4C4207624CB213B">>},
 {<<"parse_trans">>, <<"16328AB840CC09919BD10DAB29E431DA3AF9E9E7E7E6F0089DD5A2D2820011D8">>},
 {<<"ssl_verify_fun">>, <<"354C321CF377240C7B8716899E182CE4890C5938111A1296ADD3EC74CF1715DF">>},
 {<<"unicode_util_compat">>, <<"A48703A25C170EEDADCA83B11E88985AF08D35F37C6F664D6DCFB106A97782FC">>}]},
{pkg_hash_ext,[
 {<<"aws_beam_core">>, <<"3B73C54B0831F82915EF47E230FF18E86A47045DBDCD3BC5B33A4DFC355DF5D6">>},
 {<<"aws_credentials">>, <<"D3ACC14D953C7F00BF544FE81A3A8D9C30C073A7526EA3CC2D6220D9468FF6D3">>},
 {<<"aws_signature">>, <<"1DF4A2D1DFF200C7BDFA8F9F935EFC71A51273ADFC6DD39A9F2CC937E01BAA01">>},
 {<<"certifi">>, <<"6AC7EFC1C6F8600B08D625292D4BBF584E14847CE1B6B5C44D983D273E1097EA">>},
 {<<"eini">>, <<"511E9207649F3BECB5D945F1813615987899CF78FA130F92BE07193A6A74ECB8">>},
 {<<"hackney">>, <<"9AFCDA620704D720DB8C6A3123E9848D09C87586DC1C10479C42627B905B5C5E">>},
 {<<"idna">>, <<"92376EB7894412ED19AC475E4A86F7B413C1B9FBB5BD16DCCD57934157944CEA">>},
 {<<"iso8601">>, <<"A334469C07F1C219326BC891A95F5EEC8EB12DD8071A3FFF56A7843CB20FAE34">>},
 {<<"jsx">>, <<"37BECA0435F5CA8A2F45F76A46211E76418FBEF80C36F0361C249FC75059DC6D">>},
 {<<"metrics">>, <<"69B09ADDDC4F74A40716AE54D140F93BEB0FB8978D8636EADED0C31B6F099F16">>},
 {<<"mimerl">>, <<"13AF15F9F68C65884ECCA3A3891D50A7B57D82152792F3E19D88650AA126B144">>},
 {<<"parse_trans">>, <<"07CD9577885F56362D414E8C4C4E6BDF10D43A8767ABB92D24CBE8B24C54888B">>},
 {<<"ssl_verify_fun">>, <<"FE4C190E8F37401D30167C8C405EDA19469F34577987C76DDE613E838BBC67F8">>},
 {<<"unicode_util_compat">>, <<"B3A917854CE3AE233619744AD1E0102E05673136776FB2FA76234F3E03B23642">>}]}
].
